# Generated by pub
# See https://dart.dev/tools/pub/glossary#lockfile
packages:
  _fe_analyzer_shared:
    dependency: transitive
    description:
      name: _fe_analyzer_shared
      sha256: "405666cd3cf0ee0a48d21ec67e65406aad2c726d9fa58840d3375e7bdcd32a07"
      url: "https://pub.dev"
    source: hosted
    version: "60.0.0"
  analyzer:
    dependency: transitive
    description:
      name: analyzer
      sha256: "1952250bd005bacb895a01bf1b4dc00e3ba1c526cf47dca54dfe24979c65f5b3"
      url: "https://pub.dev"
    source: hosted
    version: "5.12.0"
  ansi:
    dependency: transitive
    description:
      name: ansi
      sha256: e00832db409e04ff4214ee7953f1239e7c2b9573f390a5329e4139d32f6f591a
      url: "https://pub.dev"
    source: hosted
    version: "0.4.0"
  ansi_escapes:
    dependency: transitive
    description:
      name: ansi_escapes
      sha256: e2a111254904ff663b8d4be744073f7e327157c895a0ad57ad8de7938297bc8c
      url: "https://pub.dev"
    source: hosted
    version: "1.1.0"
  ansicolor:
    dependency: transitive
    description:
      name: ansicolor
      sha256: "607f8fa9786f392043f169898923e6c59b4518242b68b8862eb8a8b7d9c30b4a"
      url: "https://pub.dev"
    source: hosted
    version: "2.0.1"
  archive:
    dependency: transitive
    description:
      name: archive
      sha256: a92e39b291073bb840a72cf43d96d2a63c74e9a485d227833e8ea0054d16ad16
      url: "https://pub.dev"
    source: hosted
    version: "3.1.2"
  args:
    dependency: "direct main"
    description:
      name: args
      sha256: eef6c46b622e0494a36c5a12d10d77fb4e855501a91c1b9ef9339326e58f0596
      url: "https://pub.dev"
    source: hosted
    version: "2.4.2"
  async:
    dependency: transitive
    description:
      name: async
      sha256: bfe67ef28df125b7dddcea62755991f807aa39a2492a23e1550161692950bbe0
      url: "https://pub.dev"
    source: hosted
    version: "2.10.0"
  boolean_selector:
    dependency: transitive
    description:
      name: boolean_selector
      sha256: "5bbf32bc9e518d41ec49718e2931cd4527292c9b0c6d2dffcf7fe6b9a8a8cf72"
      url: "https://pub.dev"
    source: hosted
    version: "2.1.0"
  build:
    dependency: transitive
    description:
      name: build
      sha256: "3fbda25365741f8251b39f3917fb3c8e286a96fd068a5a242e11c2012d495777"
      url: "https://pub.dev"
    source: hosted
    version: "2.3.1"
  build_config:
    dependency: transitive
    description:
      name: build_config
      sha256: "5b7355c14258f5e7df24bad1566f7b991de3e54aeacfb94e1a65e5233d9739c1"
      url: "https://pub.dev"
    source: hosted
    version: "1.1.0"
  build_daemon:
    dependency: transitive
    description:
      name: build_daemon
      sha256: "5f02d73eb2ba16483e693f80bee4f088563a820e47d1027d4cdfe62b5bb43e65"
      url: "https://pub.dev"
    source: hosted
    version: "4.0.0"
  build_resolvers:
    dependency: transitive
    description:
      name: build_resolvers
      sha256: "687cf90a3951affac1bd5f9ecb5e3e90b60487f3d9cdc359bb310f8876bb02a6"
      url: "https://pub.dev"
    source: hosted
    version: "2.0.10"
  build_runner:
    dependency: "direct dev"
    description:
      name: build_runner
      sha256: "581bacf68f89ec8792f5e5a0b2c4decd1c948e97ce659dc783688c8a88fbec21"
      url: "https://pub.dev"
    source: hosted
    version: "2.4.8"
  build_runner_core:
    dependency: transitive
    description:
      name: build_runner_core
      sha256: "1a288d8d226163b61fe70c00b25ceb063fbf86bda57c82e2e906568a4a7b308e"
      url: "https://pub.dev"
    source: hosted
    version: "7.2.1"
  build_verify:
    dependency: "direct dev"
    description:
      name: build_verify
      sha256: abbb9b9eda076854ac1678d284c053a5ec608e64da741d0801f56d4bbea27e23
      url: "https://pub.dev"
    source: hosted
    version: "3.1.0"
  build_version:
    dependency: "direct dev"
    description:
      name: build_version
      sha256: "4e8eafbf722eac3bd60c8d38f108c04bd69b80100f8792b32be3407725c7fa6a"
      url: "https://pub.dev"
    source: hosted
    version: "2.1.1"
  built_collection:
    dependency: transitive
    description:
      name: built_collection
      sha256: f5a2a975d3da1ca46579d2f173bea1c766f0044cff40889c8df8009bf6ea0d0c
      url: "https://pub.dev"
    source: hosted
    version: "5.0.0"
  built_value:
    dependency: transitive
    description:
      name: built_value
      sha256: "1823b7c1ebcb590ea4ed9a21c29b27a6d21330f14fa2ec0e7cbff5476c5d64bd"
      url: "https://pub.dev"
    source: hosted
    version: "8.1.0"
  characters:
    dependency: transitive
    description:
      name: characters
      sha256: "04a925763edad70e8443c99234dc3328f442e811f1d8fd1a72f1c8ad0f69a605"
      url: "https://pub.dev"
    source: hosted
    version: "1.3.0"
  charcode:
    dependency: transitive
    description:
      name: charcode
      sha256: "8e36feea6de5ea69f2199f29cf42a450a855738c498b57c0b980e2d3cca9c362"
      url: "https://pub.dev"
    source: hosted
    version: "1.2.0"
  checked_yaml:
    dependency: transitive
    description:
      name: checked_yaml
      sha256: dd007e4fb8270916820a0d66e24f619266b60773cddd082c6439341645af2659
      url: "https://pub.dev"
    source: hosted
    version: "2.0.1"
  cli_completion:
    dependency: "direct main"
    description:
      name: cli_completion
      sha256: "158deec74a75cdc69bce061645fea08f94190dd6833f988f517c2dfcb45e9117"
      url: "https://pub.dev"
    source: hosted
    version: "0.5.0"
  cli_pkg:
    dependency: "direct dev"
    description:
      name: cli_pkg
      sha256: f812467b5d6a5f26ad0fba5dcfc95133df02edbae47dfa4ade3df5d2b5afdcf2
      url: "https://pub.dev"
    source: hosted
    version: "2.10.0"
  cli_util:
    dependency: transitive
    description:
      name: cli_util
      sha256: b8db3080e59b2503ca9e7922c3df2072cf13992354d5e944074ffa836fba43b7
      url: "https://pub.dev"
    source: hosted
    version: "0.4.0"
  clock:
    dependency: transitive
    description:
      name: clock
      sha256: "6021e0172ab6e6eaa1d391afed0a99353921f00c54385c574dc53e55d67c092c"
      url: "https://pub.dev"
    source: hosted
    version: "1.1.0"
  code_builder:
    dependency: transitive
    description:
      name: code_builder
      sha256: "43743b95913fd28b95184eb1bed7e4bd85b802b8fad0a52522702dbeda4ee3d5"
      url: "https://pub.dev"
    source: hosted
    version: "4.2.0"
  collection:
    dependency: transitive
    description:
      name: collection
      sha256: cfc915e6923fe5ce6e153b0723c753045de46de1b4d63771530504004a45fae0
      url: "https://pub.dev"
    source: hosted
    version: "1.17.0"
  convert:
    dependency: transitive
    description:
      name: convert
      sha256: df567b950053d83b4dba3e8c5799c411895d146f82b2147114b666a4fd9a80dd
      url: "https://pub.dev"
    source: hosted
    version: "3.0.0"
  coverage:
    dependency: transitive
    description:
      name: coverage
      sha256: f63518ac8e08ea3288130fbc276ca7e66ce2298e04462ab1460038ad22fb3747
      url: "https://pub.dev"
    source: hosted
    version: "1.0.1"
  crypto:
    dependency: "direct dev"
    description:
      name: crypto
      sha256: ff625774173754681d66daaf4a448684fb04b78f902da9cb3d308c19cc5e8bab
      url: "https://pub.dev"
    source: hosted
    version: "3.0.3"
  dart_code_metrics_presets:
    dependency: "direct dev"
    description:
      name: dart_code_metrics_presets
      sha256: a7079df914cd1972df9c63a859e2faa0aa66beb48ee718970fcc904aa5c0ebe8
      url: "https://pub.dev"
    source: hosted
    version: "2.9.0"
  dart_console:
    dependency: "direct main"
    description:
      name: dart_console
      sha256: dfa4b63eb4382325ff975fdb6b7a0db8303bb5809ee5cb4516b44153844742ed
      url: "https://pub.dev"
    source: hosted
    version: "1.2.0"
  dart_mappable:
    dependency: "direct main"
    description:
      name: dart_mappable
      sha256: "47269caf2060533c29b823ff7fa9706502355ffcb61e7f2a374e3a0fb2f2c3f0"
      url: "https://pub.dev"
    source: hosted
    version: "4.2.2"
  dart_mappable_builder:
    dependency: "direct dev"
    description:
      name: dart_mappable_builder
      sha256: ab5cf9086862d3fceb9773e945b5f95cc5471a28c782a4fc451bd400a4e0c64e
      url: "https://pub.dev"
    source: hosted
    version: "4.2.3"
  dart_style:
    dependency: transitive
    description:
      name: dart_style
      sha256: "7a03456c3490394c8e7665890333e91ae8a49be43542b616e414449ac358acd4"
      url: "https://pub.dev"
    source: hosted
    version: "2.2.4"
  date_format:
    dependency: "direct main"
    description:
      name: date_format
      sha256: "8e5154ca363411847220c8cbc43afcf69c08e8debe40ba09d57710c25711760c"
      url: "https://pub.dev"
    source: hosted
    version: "2.0.7"
  equatable:
    dependency: transitive
    description:
      name: equatable
      sha256: c2b87cb7756efdf69892005af546c56c0b5037f54d2a88269b4f347a505e3ca2
      url: "https://pub.dev"
    source: hosted
    version: "2.0.5"
  ffi:
    dependency: transitive
    description:
      name: ffi
      sha256: "7bf0adc28a23d395f19f3f1eb21dd7cfd1dd9f8e1c50051c069122e6853bc878"
      url: "https://pub.dev"
    source: hosted
    version: "2.1.0"
  file:
    dependency: transitive
    description:
      name: file
      sha256: "716a02ed2fabe2d0cc0fa0bcaefae83c412e8aef6c559aa394ed7c12ec5b981b"
      url: "https://pub.dev"
    source: hosted
    version: "6.0.0"
  fixnum:
    dependency: transitive
    description:
      name: fixnum
      sha256: "6a2ef17156f4dc49684f9d99aaf4a93aba8ac49f5eac861755f5730ddf6e2e4e"
      url: "https://pub.dev"
    source: hosted
    version: "1.0.0"
  frontend_server_client:
    dependency: transitive
    description:
      name: frontend_server_client
      sha256: "408e3ca148b31c20282ad6f37ebfa6f4bdc8fede5b74bc2f08d9d92b55db3612"
      url: "https://pub.dev"
    source: hosted
    version: "3.2.0"
  git:
    dependency: "direct main"
    description:
      name: git
      sha256: "1982737427ef1ef2bb69027ea0234469774495e86afe202de81ee46d37364e55"
      url: "https://pub.dev"
    source: hosted
    version: "2.2.1"
  glob:
    dependency: transitive
    description:
      name: glob
      sha256: c51b4fdfee4d281f49b8c957f1add91b815473597f76bcf07377987f66a55729
      url: "https://pub.dev"
    source: hosted
    version: "2.1.0"
  graphs:
    dependency: transitive
    description:
      name: graphs
      sha256: f9e130f3259f52d26f0cfc0e964513796dafed572fa52e45d2f8d6ca14db39b2
      url: "https://pub.dev"
    source: hosted
    version: "2.2.0"
  grinder:
    dependency: "direct dev"
    description:
      name: grinder
      sha256: e1996e485d2b56bb164a8585679758d488fbf567273f51c432c8733fee1f6188
      url: "https://pub.dev"
    source: hosted
    version: "0.9.5"
  http:
    dependency: "direct dev"
    description:
      name: http
      sha256: "759d1a329847dd0f39226c688d3e06a6b8679668e350e2891a6474f8b4bb8525"
      url: "https://pub.dev"
    source: hosted
    version: "1.1.0"
  http_multi_server:
    dependency: transitive
    description:
      name: http_multi_server
      sha256: ac10cae1b9a06fb638a92a72b00570bac856f524f7ee0d9a13eaed4960c7fd43
      url: "https://pub.dev"
    source: hosted
    version: "3.0.0"
  http_parser:
    dependency: transitive
    description:
      name: http_parser
      sha256: e362d639ba3bc07d5a71faebb98cde68c05bfbcfbbb444b60b6f60bb67719185
      url: "https://pub.dev"
    source: hosted
    version: "4.0.0"
  husky:
    dependency: "direct dev"
    description:
      name: husky
      sha256: ce4a92b311c03e67ff66b6e354c8d5b8ee7c663ccaedb954e93798658b439bb2
      url: "https://pub.dev"
    source: hosted
    version: "0.1.7"
  interact:
    dependency: "direct main"
    description:
      name: interact
      sha256: b1abf79334bec42e58496a054cb7ee7ca74da6181f6a1fb6b134f1aa22bc4080
      url: "https://pub.dev"
    source: hosted
    version: "2.2.0"
  intl:
    dependency: transitive
    description:
      name: intl
      sha256: a3715e3bc90294e971cb7dc063fbf3cd9ee0ebf8604ffeafabd9e6f16abbdbe6
      url: "https://pub.dev"
    source: hosted
    version: "0.18.0"
  io:
    dependency: "direct main"
    description:
      name: io
      sha256: "2ec25704aba361659e10e3e5f5d672068d332fc8ac516421d483a11e5cbd061e"
      url: "https://pub.dev"
    source: hosted
    version: "1.0.4"
  js:
    dependency: transitive
    description:
      name: js
      sha256: a5e201311cb08bf3912ebbe9a2be096e182d703f881136ec1e81a2338a9e120d
      url: "https://pub.dev"
    source: hosted
    version: "0.6.4"
  json_annotation:
    dependency: transitive
    description:
      name: json_annotation
      sha256: "53cddd9d4a2d253d977dbbd21642f20f580a6a65fcc05d9d69b9f0ecc264cad9"
      url: "https://pub.dev"
    source: hosted
    version: "4.5.0"
  jsonc:
    dependency: "direct main"
    description:
      name: jsonc
      sha256: "326a3c5c774a77c3c4e327f359e0268bff34135d0c16078beee6d921c49a16ed"
      url: "https://pub.dev"
    source: hosted
    version: "0.0.3"
  lint_staged:
    dependency: "direct dev"
    description:
      name: lint_staged
      sha256: "969cb1829d5f5ca761dd9029762ab11e73bf83bc270a2ea03297c60eed261e3e"
      url: "https://pub.dev"
    source: hosted
    version: "0.5.1"
  lints:
    dependency: "direct dev"
    description:
      name: lints
      sha256: "0a217c6c989d21039f1498c3ed9f3ed71b354e69873f13a8dfc3c9fe76f1b452"
      url: "https://pub.dev"
    source: hosted
    version: "2.1.1"
  logging:
    dependency: transitive
    description:
      name: logging
      sha256: "3730d4c02b0c2d1db80ef9904e27fa796d75474f572a70011e0e616ee6bfc0ff"
      url: "https://pub.dev"
    source: hosted
    version: "1.0.0"
  mason_logger:
    dependency: "direct main"
    description:
      name: mason_logger
      sha256: "5d2819827d53bf0178637b64c090be546b1801550fa0af7b2780fa7e3ad7b4b7"
      url: "https://pub.dev"
    source: hosted
    version: "0.2.9"
  matcher:
    dependency: transitive
    description:
      name: matcher
      sha256: "1803e76e6653768d64ed8ff2e1e67bea3ad4b923eb5c56a295c3e634bad5960e"
      url: "https://pub.dev"
    source: hosted
    version: "0.12.16"
  meta:
    dependency: "direct main"
    description:
      name: meta
      sha256: a6e590c838b18133bb482a2745ad77c5bb7715fb0451209e1a7567d416678b8e
      url: "https://pub.dev"
    source: hosted
    version: "1.10.0"
  mime:
    dependency: transitive
    description:
      name: mime
      sha256: a7a98ea7f366e2cc9d2b20873815aebec5e2bc124fe0da9d3f7f59b0625ea180
      url: "https://pub.dev"
    source: hosted
    version: "1.0.0"
  mocktail:
    dependency: "direct dev"
    description:
      name: mocktail
      sha256: "890df3f9688106f25755f26b1c60589a92b3ab91a22b8b224947ad041bf172d8"
      url: "https://pub.dev"
    source: hosted
    version: "1.0.4"
  native_stack_traces:
    dependency: transitive
    description:
      name: native_stack_traces
      sha256: c797830b9910d13b0f4e70ddef15cde034214fe3bdb8092c4ea5ffad2f74013f
      url: "https://pub.dev"
    source: hosted
    version: "0.5.6"
  node_interop:
    dependency: transitive
    description:
      name: node_interop
      sha256: "3b88c3931da3ea1c0fface1b4574b3a5680f689123a3350f2ec57a9a8b2224dd"
      url: "https://pub.dev"
    source: hosted
    version: "2.0.0"
  node_preamble:
    dependency: transitive
    description:
      name: node_preamble
      sha256: c133f761a6a790d0b000efa4f74eae9700bb6e9e9f5e996f0e8d6fe92703ced6
      url: "https://pub.dev"
    source: hosted
    version: "2.0.0"
  package_config:
    dependency: transitive
    description:
      name: package_config
      sha256: "20e7154d701fedaeb219dad732815ecb66677667871127998a9a6581c2aba4ba"
      url: "https://pub.dev"
    source: hosted
    version: "2.0.0"
  path:
    dependency: "direct main"
    description:
      name: path
      sha256: "087ce49c3f0dc39180befefc60fdb4acd8f8620e5682fe2476afd0b3688bb4af"
      url: "https://pub.dev"
    source: hosted
    version: "1.9.0"
  pedantic:
    dependency: transitive
    description:
      name: pedantic
      sha256: "207f9260c7a46946d09619b5ba1caf1fd50faf10fe3bae0176c626dceac5193d"
      url: "https://pub.dev"
    source: hosted
    version: "1.10.0"
  petitparser:
    dependency: transitive
    description:
      name: petitparser
      sha256: "2ebb289dc4764ec397f5cd3ca9881c6d17196130a7d646ed022a0dd9c2e25a71"
      url: "https://pub.dev"
    source: hosted
    version: "5.0.0"
  platform:
    dependency: transitive
    description:
      name: platform
      sha256: ebc79f16b5f6b609aad4a5e63447d4795d16f7adee46e93ed03200848c006735
      url: "https://pub.dev"
    source: hosted
    version: "3.0.0"
  pool:
    dependency: transitive
    description:
      name: pool
      sha256: "05955e3de2683e1746222efd14b775df7131139e07695dc8e24650f6b4204504"
      url: "https://pub.dev"
    source: hosted
    version: "1.5.0"
  process:
    dependency: transitive
    description:
      name: process
      sha256: c8298bb2d31a637afd4be38177d1d7fb9a062c985bd8e4558d98e2d9f0c38127
      url: "https://pub.dev"
    source: hosted
    version: "5.0.0"
  pub_semver:
    dependency: "direct main"
    description:
      name: pub_semver
      sha256: "40d3ab1bbd474c4c2328c91e3a7df8c6dd629b79ece4c4bd04bee496a224fb0c"
      url: "https://pub.dev"
    source: hosted
    version: "2.1.4"
  pub_updater:
    dependency: "direct main"
    description:
      name: pub_updater
      sha256: "54e8dc865349059ebe7f163d6acce7c89eb958b8047e6d6e80ce93b13d7c9e60"
      url: "https://pub.dev"
    source: hosted
    version: "0.4.0"
  pubspec_parse:
    dependency: "direct main"
    description:
      name: pubspec_parse
      sha256: "3686efe4a4613a4449b1a4ae08670aadbd3376f2e78d93e3f8f0919db02a7256"
      url: "https://pub.dev"
    source: hosted
    version: "1.2.0"
  retry:
    dependency: transitive
    description:
      name: retry
      sha256: "45dfeebaf095b606fdb9dbfb4c114cc204449bc274783b452658365e03afdbab"
      url: "https://pub.dev"
    source: hosted
    version: "3.1.0"
  scope:
    dependency: "direct main"
    description:
      name: scope
      sha256: "0b056e5b64ca16a2db9e1eb35cf7fd05a9e99a6b15140f82bfa651d081e4819b"
      url: "https://pub.dev"
    source: hosted
    version: "5.1.0"
  shelf:
    dependency: transitive
    description:
      name: shelf
      sha256: c0710a5ca61f1a96e9aae37081040f537c1b96265040edeb70c8817a10d361c6
      url: "https://pub.dev"
    source: hosted
    version: "1.0.0"
  shelf_packages_handler:
    dependency: transitive
    description:
      name: shelf_packages_handler
      sha256: e0b44ebddec91e70a713e13adf93c1b2100821303b86a18e1ef1d082bd8bd9b8
      url: "https://pub.dev"
    source: hosted
    version: "3.0.0"
  shelf_static:
    dependency: transitive
    description:
      name: shelf_static
      sha256: "8584c0aa0f5756a61519b1a2fc2cd22ddbc518e9396bd33ebf06b9836bb23d13"
      url: "https://pub.dev"
    source: hosted
    version: "1.0.0"
  shelf_web_socket:
    dependency: transitive
    description:
      name: shelf_web_socket
      sha256: "520368a1a49798425310ca0ee28eb92b3c737e4e9d173c31b6c66fe090ebc6fc"
      url: "https://pub.dev"
    source: hosted
    version: "1.0.0"
  source_gen:
    dependency: transitive
    description:
      name: source_gen
      sha256: "85f8c7d6425dff95475db618404732f034c87fe23efe05478cea50520a2517a3"
      url: "https://pub.dev"
    source: hosted
    version: "1.2.5"
  source_map_stack_trace:
    dependency: transitive
    description:
      name: source_map_stack_trace
      sha256: "8c463326277f68a628abab20580047b419c2ff66756fd0affd451f73f9508c11"
      url: "https://pub.dev"
    source: hosted
    version: "2.1.0"
  source_maps:
    dependency: transitive
    description:
      name: source_maps
      sha256: "52de2200bb098de739794c82d09c41ac27b2e42fd7e23cce7b9c74bf653c7296"
      url: "https://pub.dev"
    source: hosted
    version: "0.10.10"
  source_span:
    dependency: transitive
    description:
      name: source_span
      sha256: d5f89a9e52b36240a80282b3dc0667dd36e53459717bb17b8fb102d30496606a
      url: "https://pub.dev"
    source: hosted
    version: "1.8.1"
  stack_trace:
    dependency: "direct main"
    description:
      name: stack_trace
      sha256: "73713990125a6d93122541237550ee3352a2d84baad52d375a4cad2eb9b7ce0b"
      url: "https://pub.dev"
    source: hosted
    version: "1.11.1"
  stream_channel:
    dependency: transitive
    description:
      name: stream_channel
      sha256: db47e4797198ee601990820437179bb90219f918962318d494ada2b4b11e6f6d
      url: "https://pub.dev"
    source: hosted
    version: "2.1.0"
  stream_transform:
    dependency: transitive
    description:
      name: stream_transform
      sha256: ed464977cb26a1f41537e177e190c67223dbd9f4f683489b6ab2e5d211ec564e
      url: "https://pub.dev"
    source: hosted
    version: "2.0.0"
  string_scanner:
    dependency: transitive
    description:
      name: string_scanner
      sha256: dd11571b8a03f7cadcf91ec26a77e02bfbd6bbba2a512924d3116646b4198fc4
      url: "https://pub.dev"
    source: hosted
    version: "1.1.0"
  term_glyph:
    dependency: transitive
    description:
      name: term_glyph
      sha256: a88162591b02c1f3a3db3af8ce1ea2b374bd75a7bb8d5e353bcfbdc79d719830
      url: "https://pub.dev"
    source: hosted
    version: "1.2.0"
  test:
    dependency: "direct dev"
    description:
      name: test
      sha256: "9b0dd8e36af4a5b1569029949d50a52cb2a2a2fdaa20cebb96e6603b9ae241f9"
      url: "https://pub.dev"
    source: hosted
    version: "1.24.6"
  test_api:
    dependency: transitive
    description:
      name: test_api
      sha256: "5c2f730018264d276c20e4f1503fd1308dfbbae39ec8ee63c5236311ac06954b"
      url: "https://pub.dev"
    source: hosted
    version: "0.6.1"
  test_core:
    dependency: transitive
    description:
      name: test_core
      sha256: "4bef837e56375537055fdbbbf6dd458b1859881f4c7e6da936158f77d61ab265"
      url: "https://pub.dev"
    source: hosted
    version: "0.5.6"
  test_process:
    dependency: transitive
    description:
      name: test_process
      sha256: "2c7b57b79a43c99b135ef949f35886213f1ac937501334a6183873dc53ae57a7"
      url: "https://pub.dev"
    source: hosted
    version: "2.0.0"
  timing:
    dependency: transitive
    description:
      name: timing
      sha256: c386d07d7f5efc613479a7c4d9d64b03710b03cfaa7e8ad5f2bfb295a1f0dfad
      url: "https://pub.dev"
    source: hosted
    version: "1.0.0"
  tint:
    dependency: "direct main"
    description:
      name: tint
      sha256: "9652d9a589f4536d5e392cf790263d120474f15da3cf1bee7f1fdb31b4de5f46"
      url: "https://pub.dev"
    source: hosted
    version: "2.0.1"
  type_plus:
    dependency: transitive
    description:
      name: type_plus
      sha256: d5d1019471f0d38b91603adb9b5fd4ce7ab903c879d2fbf1a3f80a630a03fcc9
      url: "https://pub.dev"
    source: hosted
    version: "2.1.1"
  typed_data:
    dependency: transitive
    description:
      name: typed_data
      sha256: "53bdf7e979cfbf3e28987552fd72f637e63f3c8724c9e56d9246942dc2fa36ee"
      url: "https://pub.dev"
    source: hosted
    version: "1.3.0"
  verbose:
    dependency: transitive
    description:
      name: verbose
      sha256: aa5a0aa5c39a4615997fc8f524f680ea6190f1f04c20c51fffb3b7ffab044854
      url: "https://pub.dev"
    source: hosted
    version: "0.1.0"
  vm_service:
    dependency: transitive
    description:
      name: vm_service
      sha256: "684c278fb6303faf73e3a84d5805921c1b9ab8784bfea72375426cfd3bd0f557"
      url: "https://pub.dev"
    source: hosted
    version: "6.1.0"
  watcher:
    dependency: transitive
    description:
      name: watcher
      sha256: "68173f2fa67d241323a4123be7ed4e43424c54befa5505d71c8ad4b7baf8f71d"
      url: "https://pub.dev"
    source: hosted
    version: "1.0.0"
  web_socket_channel:
    dependency: transitive
    description:
      name: web_socket_channel
      sha256: "500e6014efebd305a30ebf1c6006d13faa82dcd85c7a2a7793679a64ed69ec48"
      url: "https://pub.dev"
    source: hosted
    version: "2.0.0"
  webkit_inspection_protocol:
    dependency: transitive
    description:
      name: webkit_inspection_protocol
      sha256: "5adb6ab8ed14e22bb907aae7338f0c206ea21e7a27004e97664b16c120306f00"
      url: "https://pub.dev"
    source: hosted
    version: "1.0.0"
  win32:
    dependency: "direct main"
    description:
      name: win32
      sha256: "9e82a402b7f3d518fb9c02d0e9ae45952df31b9bf34d77baf19da2de03fc2aaa"
      url: "https://pub.dev"
    source: hosted
    version: "5.0.7"
  xml:
    dependency: transitive
    description:
      name: xml
      sha256: db7540c353cbf172e6532cae806f0ed31b938fc0cace3f01ac5707418b7553b4
      url: "https://pub.dev"
    source: hosted
    version: "6.0.0"
  yaml:
    dependency: "direct main"
    description:
      name: yaml
      sha256: "75769501ea3489fca56601ff33454fe45507ea3bfb014161abc3b43ae25989d5"
      url: "https://pub.dev"
    source: hosted
    version: "3.1.2"
  yaml_edit:
    dependency: "direct main"
    description:
      name: yaml_edit
      sha256: c566f4f804215d84a7a2c377667f546c6033d5b34b4f9e60dfb09d17c4e97826
      url: "https://pub.dev"
    source: hosted
    version: "2.2.0"
  yaml_writer:
    dependency: "direct main"
    description:
      name: yaml_writer
      sha256: "69651cd7238411179ac32079937d4aa9a2970150d6b2ae2c6fe6de09402a5dc5"
      url: "https://pub.dev"
    source: hosted
    version: "2.1.0"
sdks:
  dart: ">=3.2.0 <4.0.0"
