PODS:
  - file_chooser (0.0.2):
    - FlutterMacOS
  - FlutterMacOS (1.22.4)
  - FMDB (2.7.5):
    - FMDB/standard (= 2.7.5)
  - FMDB/standard (2.7.5)
  - path_provider (0.0.1)
  - path_provider_macos (0.0.1):
    - FlutterMacOS
  - sqflite (0.0.2):
    - FlutterMacOS
    - FMDB (>= 2.7.5)
  - url_launcher (0.0.1)
  - url_launcher_macos (0.0.1):
    - FlutterMacOS
  - window_size (0.0.2):
    - FlutterMacOS

DEPENDENCIES:
  - file_chooser (from `Flutter/ephemeral/.symlinks/plugins/file_chooser/macos`)
  - path_provider (from `Flutter/ephemeral/.symlinks/plugins/path_provider/macos`)
  - path_provider_macos (from `Flutter/ephemeral/.symlinks/plugins/path_provider_macos/macos`)
  - sqflite (from `Flutter/ephemeral/.symlinks/plugins/sqflite/macos`)
  - url_launcher (from `Flutter/ephemeral/.symlinks/plugins/url_launcher/macos`)
  - url_launcher_macos (from `Flutter/ephemeral/.symlinks/plugins/url_launcher_macos/macos`)
  - window_size (from `Flutter/ephemeral/.symlinks/plugins/window_size/macos`)

SPEC REPOS:
  trunk:
    - FlutterMacOS
    - FMDB

EXTERNAL SOURCES:
  file_chooser:
    :path: Flutter/ephemeral/.symlinks/plugins/file_chooser/macos
  path_provider:
    :path: Flutter/ephemeral/.symlinks/plugins/path_provider/macos
  path_provider_macos:
    :path: Flutter/ephemeral/.symlinks/plugins/path_provider_macos/macos
  sqflite:
    :path: Flutter/ephemeral/.symlinks/plugins/sqflite/macos
  url_launcher:
    :path: Flutter/ephemeral/.symlinks/plugins/url_launcher/macos
  url_launcher_macos:
    :path: Flutter/ephemeral/.symlinks/plugins/url_launcher_macos/macos
  window_size:
    :path: Flutter/ephemeral/.symlinks/plugins/window_size/macos

SPEC CHECKSUMS:
  file_chooser: 24432cf5dc836722b05c11c2a0a30d19c3c9b996
  FlutterMacOS: ac210ef71944b3f04789076d70d4c72c7ec0c619
  FMDB: 2ce00b547f966261cd18927a3ddb07cb6f3db82a
  path_provider: e0848572d1d38b9a7dd099e79cf83f5b7e2cde9f
  path_provider_macos: a0a3fd666cb7cd0448e936fb4abad4052961002b
  sqflite: a5789cceda41d54d23f31d6de539d65bb14100ea
  url_launcher: af78307ef9bafff91273b34f1c6c0c86a0004fd7
  url_launcher_macos: 45af3d61de06997666568a7149c1be98b41c95d4
  window_size: 339dafa0b27a95a62a843042038fa6c3c48de195

PODFILE CHECKSUM: d8ba9b3e9e93c62c74a660b46c6fcb09f03991a7

COCOAPODS: 1.10.1
